
Microsoft Visual Studio Solution File, Format Version 12.00
# Visual Studio Version 17
VisualStudioVersion = 17.7.34003.232
MinimumVisualStudioVersion = 10.0.40219.1
Project("{9A19103F-16F7-4668-BE54-9A1E7A4F7556}") = "1000", "1000\1000.csproj", "{F4B33789-CDD7-4083-88FB-8397746C7EC6}"
EndProject
Project("{9A19103F-16F7-4668-BE54-9A1E7A4F7556}") = "1001", "1001\1001.csproj", "{AFAB5A6C-31F4-4FE8-AB03-A5A14646CEA2}"
EndProject
Project("{FAE04EC0-301F-11D3-BF4B-00C04F79EFBC}") = "1002", "1002\1002.csproj", "{32D8A120-B1FE-4BBA-A70B-5DEE8370A02F}"
EndProject
Global
	GlobalSection(SolutionConfigurationPlatforms) = preSolution
		Debug|Any CPU = Debug|Any CPU
		Release|Any CPU = Release|Any CPU
	EndGlobalSection
	GlobalSection(ProjectConfigurationPlatforms) = postSolution
		{F4B33789-CDD7-4083-88FB-8397746C7EC6}.Debug|Any CPU.ActiveCfg = Debug|Any CPU
		{F4B33789-CDD7-4083-88FB-8397746C7EC6}.Debug|Any CPU.Build.0 = Debug|Any CPU
		{F4B33789-CDD7-4083-88FB-8397746C7EC6}.Release|Any CPU.ActiveCfg = Release|Any CPU
		{F4B33789-CDD7-4083-88FB-8397746C7EC6}.Release|Any CPU.Build.0 = Release|Any CPU
		{AFAB5A6C-31F4-4FE8-AB03-A5A14646CEA2}.Debug|Any CPU.ActiveCfg = Debug|Any CPU
		{AFAB5A6C-31F4-4FE8-AB03-A5A14646CEA2}.Debug|Any CPU.Build.0 = Debug|Any CPU
		{AFAB5A6C-31F4-4FE8-AB03-A5A14646CEA2}.Release|Any CPU.ActiveCfg = Release|Any CPU
		{AFAB5A6C-31F4-4FE8-AB03-A5A14646CEA2}.Release|Any CPU.Build.0 = Release|Any CPU
		{32D8A120-B1FE-4BBA-A70B-5DEE8370A02F}.Debug|Any CPU.ActiveCfg = Debug|Any CPU
		{32D8A120-B1FE-4BBA-A70B-5DEE8370A02F}.Debug|Any CPU.Build.0 = Debug|Any CPU
		{32D8A120-B1FE-4BBA-A70B-5DEE8370A02F}.Release|Any CPU.ActiveCfg = Release|Any CPU
		{32D8A120-B1FE-4BBA-A70B-5DEE8370A02F}.Release|Any CPU.Build.0 = Release|Any CPU
	EndGlobalSection
	GlobalSection(SolutionProperties) = preSolution
		HideSolutionNode = FALSE
	EndGlobalSection
	GlobalSection(ExtensibilityGlobals) = postSolution
		SolutionGuid = {4D8F91C4-03B1-4FE3-984B-867629C349B5}
	EndGlobalSection
EndGlobal
